
Microsoft Visual Studio Solution File, Format Version 12.00
# Visual Studio 15
VisualStudioVersion = 15.0.28307.421
MinimumVisualStudioVersion = 10.0.40219.1
Project("{8BC9CEB8-8B4A-11D0-8D11-00A0C91BC942}") = "Programming_Game_AI_by_Example", "Programming_Game_AI_by_Example\Programming_Game_AI_by_Example.vcxproj", "{7A445150-4CAA-45BE-BA1B-A584A31EA1F3}"
	ProjectSection(ProjectDependencies) = postProject
		{5CACB75D-8FA9-4EA8-9A4D-E0C29DFD23CD} = {5CACB75D-8FA9-4EA8-9A4D-E0C29DFD23CD}
	EndProjectSection
EndProject
Project("{8BC9CEB8-8B4A-11D0-8D11-00A0C91BC942}") = "Chapter_1", "Chapter_1\Chapter_1.vcxproj", "{FE71D671-C386-4789-BD7F-67AA404F21C1}"
	ProjectSection(ProjectDependencies) = postProject
		{5CACB75D-8FA9-4EA8-9A4D-E0C29DFD23CD} = {5CACB75D-8FA9-4EA8-9A4D-E0C29DFD23CD}
	EndProjectSection
EndProject
Project("{8BC9CEB8-8B4A-11D0-8D11-00A0C91BC942}") = "common", "common\common.vcxproj", "{5CACB75D-8FA9-4EA8-9A4D-E0C29DFD23CD}"
EndProject
Global
	GlobalSection(SolutionConfigurationPlatforms) = preSolution
		Debug|x64 = Debug|x64
		Debug|x86 = Debug|x86
		Release|x64 = Release|x64
		Release|x86 = Release|x86
	EndGlobalSection
	GlobalSection(ProjectConfigurationPlatforms) = postSolution
		{7A445150-4CAA-45BE-BA1B-A584A31EA1F3}.Debug|x64.ActiveCfg = Debug|x64
		{7A445150-4CAA-45BE-BA1B-A584A31EA1F3}.Debug|x64.Build.0 = Debug|x64
		{7A445150-4CAA-45BE-BA1B-A584A31EA1F3}.Debug|x86.ActiveCfg = Debug|Win32
		{7A445150-4CAA-45BE-BA1B-A584A31EA1F3}.Debug|x86.Build.0 = Debug|Win32
		{7A445150-4CAA-45BE-BA1B-A584A31EA1F3}.Release|x64.ActiveCfg = Release|x64
		{7A445150-4CAA-45BE-BA1B-A584A31EA1F3}.Release|x64.Build.0 = Release|x64
		{7A445150-4CAA-45BE-BA1B-A584A31EA1F3}.Release|x86.ActiveCfg = Release|Win32
		{7A445150-4CAA-45BE-BA1B-A584A31EA1F3}.Release|x86.Build.0 = Release|Win32
		{FE71D671-C386-4789-BD7F-67AA404F21C1}.Debug|x64.ActiveCfg = Debug|x64
		{FE71D671-C386-4789-BD7F-67AA404F21C1}.Debug|x64.Build.0 = Debug|x64
		{FE71D671-C386-4789-BD7F-67AA404F21C1}.Debug|x86.ActiveCfg = Debug|Win32
		{FE71D671-C386-4789-BD7F-67AA404F21C1}.Debug|x86.Build.0 = Debug|Win32
		{FE71D671-C386-4789-BD7F-67AA404F21C1}.Release|x64.ActiveCfg = Release|x64
		{FE71D671-C386-4789-BD7F-67AA404F21C1}.Release|x64.Build.0 = Release|x64
		{FE71D671-C386-4789-BD7F-67AA404F21C1}.Release|x86.ActiveCfg = Release|Win32
		{FE71D671-C386-4789-BD7F-67AA404F21C1}.Release|x86.Build.0 = Release|Win32
		{5CACB75D-8FA9-4EA8-9A4D-E0C29DFD23CD}.Debug|x64.ActiveCfg = Debug|x64
		{5CACB75D-8FA9-4EA8-9A4D-E0C29DFD23CD}.Debug|x64.Build.0 = Debug|x64
		{5CACB75D-8FA9-4EA8-9A4D-E0C29DFD23CD}.Debug|x86.ActiveCfg = Debug|Win32
		{5CACB75D-8FA9-4EA8-9A4D-E0C29DFD23CD}.Debug|x86.Build.0 = Debug|Win32
		{5CACB75D-8FA9-4EA8-9A4D-E0C29DFD23CD}.Release|x64.ActiveCfg = Release|x64
		{5CACB75D-8FA9-4EA8-9A4D-E0C29DFD23CD}.Release|x64.Build.0 = Release|x64
		{5CACB75D-8FA9-4EA8-9A4D-E0C29DFD23CD}.Release|x86.ActiveCfg = Release|Win32
		{5CACB75D-8FA9-4EA8-9A4D-E0C29DFD23CD}.Release|x86.Build.0 = Release|Win32
	EndGlobalSection
	GlobalSection(SolutionProperties) = preSolution
		HideSolutionNode = FALSE
	EndGlobalSection
	GlobalSection(ExtensibilityGlobals) = postSolution
		SolutionGuid = {FF43802F-E64C-4018-86F9-26097705AF48}
	EndGlobalSection
EndGlobal
